// !$*UTF8*$!
{
	archiveVersion = 1;
	classes = {
	};
	objectVersion = 46;
	objects = {

/* Begin PBXBuildFile section */
		BAE08E8E1DAC778100F90BD8 /* AppDelegate.swift in Sources */ = {isa = PBXBuildFile; fileRef = BAE08E8D1DAC778100F90BD8 /* AppDelegate.swift */; };
		BAE08E901DAC778100F90BD8 /* ViewController.swift in Sources */ = {isa = PBXBuildFile; fileRef = BAE08E8F1DAC778100F90BD8 /* ViewController.swift */; };
		BAE08E931DAC778100F90BD8 /* Main.storyboard in Resources */ = {isa = PBXBuildFile; fileRef = BAE08E911DAC778100F90BD8 /* Main.storyboard */; };
		BAE08E951DAC778100F90BD8 /* Assets.xcassets in Resources */ = {isa = PBXBuildFile; fileRef = BAE08E941DAC778100F90BD8 /* Assets.xcassets */; };
		BAE08E981DAC778100F90BD8 /* LaunchScreen.storyboard in Resources */ = {isa = PBXBuildFile; fileRef = BAE08E961DAC778100F90BD8 /* LaunchScreen.storyboard */; };
		BAE08EA31DAC778100F90BD8 /* HappyDaysTests.swift in Sources */ = {isa = PBXBuildFile; fileRef = BAE08EA21DAC778100F90BD8 /* HappyDaysTests.swift */; };
		BAE08EAE1DAC778100F90BD8 /* HappyDaysUITests.swift in Sources */ = {isa = PBXBuildFile; fileRef = BAE08EAD1DAC778100F90BD8 /* HappyDaysUITests.swift */; };
		BAE08EBC1DAD8E8E00F90BD8 /* MemoriesViewController.swift in Sources */ = {isa = PBXBuildFile; fileRef = BAE08EBB1DAD8E8E00F90BD8 /* MemoriesViewController.swift */; };
		BAE08EBE1DAD8F5000F90BD8 /* MemoryCell.swift in Sources */ = {isa = PBXBuildFile; fileRef = BAE08EBD1DAD8F5000F90BD8 /* MemoryCell.swift */; };
/* End PBXBuildFile section */

/* Begin PBXContainerItemProxy section */
		BAE08E9F1DAC778100F90BD8 /* PBXContainerItemProxy */ = {
			isa = PBXContainerItemProxy;
			containerPortal = BAE08E821DAC778100F90BD8 /* Project object */;
			proxyType = 1;
			remoteGlobalIDString = BAE08E891DAC778100F90BD8;
			remoteInfo = HappyDays;
		};
		BAE08EAA1DAC778100F90BD8 /* PBXContainerItemProxy */ = {
			isa = PBXContainerItemProxy;
			containerPortal = BAE08E821DAC778100F90BD8 /* Project object */;
			proxyType = 1;
			remoteGlobalIDString = BAE08E891DAC778100F90BD8;
			remoteInfo = HappyDays;
		};
/* End PBXContainerItemProxy section */

/* Begin PBXFileReference section */
		BAE08E8A1DAC778100F90BD8 /* HappyDays.app */ = {isa = PBXFileReference; explicitFileType = wrapper.application; includeInIndex = 0; path = HappyDays.app; sourceTree = BUILT_PRODUCTS_DIR; };
		BAE08E8D1DAC778100F90BD8 /* AppDelegate.swift */ = {isa = PBXFileReference; lastKnownFileType = sourcecode.swift; path = AppDelegate.swift; sourceTree = "<group>"; };
		BAE08E8F1DAC778100F90BD8 /* ViewController.swift */ = {isa = PBXFileReference; lastKnownFileType = sourcecode.swift; path = ViewController.swift; sourceTree = "<group>"; };
		BAE08E921DAC778100F90BD8 /* Base */ = {isa = PBXFileReference; lastKnownFileType = file.storyboard; name = Base; path = Base.lproj/Main.storyboard; sourceTree = "<group>"; };
		BAE08E941DAC778100F90BD8 /* Assets.xcassets */ = {isa = PBXFileReference; lastKnownFileType = folder.assetcatalog; path = Assets.xcassets; sourceTree = "<group>"; };
		BAE08E971DAC778100F90BD8 /* Base */ = {isa = PBXFileReference; lastKnownFileType = file.storyboard; name = Base; path = Base.lproj/LaunchScreen.storyboard; sourceTree = "<group>"; };
		BAE08E991DAC778100F90BD8 /* Info.plist */ = {isa = PBXFileReference; lastKnownFileType = text.plist.xml; path = Info.plist; sourceTree = "<group>"; };
		BAE08E9E1DAC778100F90BD8 /* HappyDaysTests.xctest */ = {isa = PBXFileReference; explicitFileType = wrapper.cfbundle; includeInIndex = 0; path = HappyDaysTests.xctest; sourceTree = BUILT_PRODUCTS_DIR; };
		BAE08EA21DAC778100F90BD8 /* HappyDaysTests.swift */ = {isa = PBXFileReference; lastKnownFileType = sourcecode.swift; path = HappyDaysTests.swift; sourceTree = "<group>"; };
		BAE08EA41DAC778100F90BD8 /* Info.plist */ = {isa = PBXFileReference; lastKnownFileType = text.plist.xml; path = Info.plist; sourceTree = "<group>"; };
		BAE08EA91DAC778100F90BD8 /* HappyDaysUITests.xctest */ = {isa = PBXFileReference; explicitFileType = wrapper.cfbundle; includeInIndex = 0; path = HappyDaysUITests.xctest; sourceTree = BUILT_PRODUCTS_DIR; };
		BAE08EAD1DAC778100F90BD8 /* HappyDaysUITests.swift */ = {isa = PBXFileReference; lastKnownFileType = sourcecode.swift; path = HappyDaysUITests.swift; sourceTree = "<group>"; };
		BAE08EAF1DAC778100F90BD8 /* Info.plist */ = {isa = PBXFileReference; lastKnownFileType = text.plist.xml; path = Info.plist; sourceTree = "<group>"; };
		BAE08EBB1DAD8E8E00F90BD8 /* MemoriesViewController.swift */ = {isa = PBXFileReference; fileEncoding = 4; lastKnownFileType = sourcecode.swift; path = MemoriesViewController.swift; sourceTree = "<group>"; };
		BAE08EBD1DAD8F5000F90BD8 /* MemoryCell.swift */ = {isa = PBXFileReference; fileEncoding = 4; lastKnownFileType = sourcecode.swift; path = MemoryCell.swift; sourceTree = "<group>"; };
/* End PBXFileReference section */

/* Begin PBXFrameworksBuildPhase section */
		BAE08E871DAC778100F90BD8 /* Frameworks */ = {
			isa = PBXFrameworksBuildPhase;
			buildActionMask = 2147483647;
			files = (
			);
			runOnlyForDeploymentPostprocessing = 0;
		};
		BAE08E9B1DAC778100F90BD8 /* Frameworks */ = {
			isa = PBXFrameworksBuildPhase;
			buildActionMask = 2147483647;
			files = (
			);
			runOnlyForDeploymentPostprocessing = 0;
		};
		BAE08EA61DAC778100F90BD8 /* Frameworks */ = {
			isa = PBXFrameworksBuildPhase;
			buildActionMask = 2147483647;
			files = (
			);
			runOnlyForDeploymentPostprocessing = 0;
		};
/* End PBXFrameworksBuildPhase section */

/* Begin PBXGroup section */
		BAE08E811DAC778100F90BD8 = {
			isa = PBXGroup;
			children = (
				BAE08E8C1DAC778100F90BD8 /* HappyDays */,
				BAE08EA11DAC778100F90BD8 /* HappyDaysTests */,
				BAE08EAC1DAC778100F90BD8 /* HappyDaysUITests */,
				BAE08E8B1DAC778100F90BD8 /* Products */,
			);
			indentWidth = 2;
			sourceTree = "<group>";
			tabWidth = 2;
		};
		BAE08E8B1DAC778100F90BD8 /* Products */ = {
			isa = PBXGroup;
			children = (
				BAE08E8A1DAC778100F90BD8 /* HappyDays.app */,
				BAE08E9E1DAC778100F90BD8 /* HappyDaysTests.xctest */,
				BAE08EA91DAC778100F90BD8 /* HappyDaysUITests.xctest */,
			);
			name = Products;
			sourceTree = "<group>";
		};
		BAE08E8C1DAC778100F90BD8 /* HappyDays */ = {
			isa = PBXGroup;
			children = (
				BAE08E8D1DAC778100F90BD8 /* AppDelegate.swift */,
				BAE08E8F1DAC778100F90BD8 /* ViewController.swift */,
				BAE08E911DAC778100F90BD8 /* Main.storyboard */,
				BAE08EBD1DAD8F5000F90BD8 /* MemoryCell.swift */,
				BAE08EBB1DAD8E8E00F90BD8 /* MemoriesViewController.swift */,
				BAE08E941DAC778100F90BD8 /* Assets.xcassets */,
				BAE08E961DAC778100F90BD8 /* LaunchScreen.storyboard */,
				BAE08E991DAC778100F90BD8 /* Info.plist */,
			);
			path = HappyDays;
			sourceTree = "<group>";
		};
		BAE08EA11DAC778100F90BD8 /* HappyDaysTests */ = {
			isa = PBXGroup;
			children = (
				BAE08EA21DAC778100F90BD8 /* HappyDaysTests.swift */,
				BAE08EA41DAC778100F90BD8 /* Info.plist */,
			);
			path = HappyDaysTests;
			sourceTree = "<group>";
		};
		BAE08EAC1DAC778100F90BD8 /* HappyDaysUITests */ = {
			isa = PBXGroup;
			children = (
				BAE08EAD1DAC778100F90BD8 /* HappyDaysUITests.swift */,
				BAE08EAF1DAC778100F90BD8 /* Info.plist */,
			);
			path = HappyDaysUITests;
			sourceTree = "<group>";
		};
/* End PBXGroup section */

/* Begin PBXNativeTarget section */
		BAE08E891DAC778100F90BD8 /* HappyDays */ = {
			isa = PBXNativeTarget;
			buildConfigurationList = BAE08EB21DAC778100F90BD8 /* Build configuration list for PBXNativeTarget "HappyDays" */;
			buildPhases = (
				BAE08E861DAC778100F90BD8 /* Sources */,
				BAE08E871DAC778100F90BD8 /* Frameworks */,
				BAE08E881DAC778100F90BD8 /* Resources */,
			);
			buildRules = (
			);
			dependencies = (
			);
			name = HappyDays;
			productName = HappyDays;
			productReference = BAE08E8A1DAC778100F90BD8 /* HappyDays.app */;
			productType = "com.apple.product-type.application";
		};
		BAE08E9D1DAC778100F90BD8 /* HappyDaysTests */ = {
			isa = PBXNativeTarget;
			buildConfigurationList = BAE08EB51DAC778100F90BD8 /* Build configuration list for PBXNativeTarget "HappyDaysTests" */;
			buildPhases = (
				BAE08E9A1DAC778100F90BD8 /* Sources */,
				BAE08E9B1DAC778100F90BD8 /* Frameworks */,
				BAE08E9C1DAC778100F90BD8 /* Resources */,
			);
			buildRules = (
			);
			dependencies = (
				BAE08EA01DAC778100F90BD8 /* PBXTargetDependency */,
			);
			name = HappyDaysTests;
			productName = HappyDaysTests;
			productReference = BAE08E9E1DAC778100F90BD8 /* HappyDaysTests.xctest */;
			productType = "com.apple.product-type.bundle.unit-test";
		};
		BAE08EA81DAC778100F90BD8 /* HappyDaysUITests */ = {
			isa = PBXNativeTarget;
			buildConfigurationList = BAE08EB81DAC778100F90BD8 /* Build configuration list for PBXNativeTarget "HappyDaysUITests" */;
			buildPhases = (
				BAE08EA51DAC778100F90BD8 /* Sources */,
				BAE08EA61DAC778100F90BD8 /* Frameworks */,
				BAE08EA71DAC778100F90BD8 /* Resources */,
			);
			buildRules = (
			);
			dependencies = (
				BAE08EAB1DAC778100F90BD8 /* PBXTargetDependency */,
			);
			name = HappyDaysUITests;
			productName = HappyDaysUITests;
			productReference = BAE08EA91DAC778100F90BD8 /* HappyDaysUITests.xctest */;
			productType = "com.apple.product-type.bundle.ui-testing";
		};
/* End PBXNativeTarget section */

/* Begin PBXProject section */
		BAE08E821DAC778100F90BD8 /* Project object */ = {
			isa = PBXProject;
			attributes = {
				LastSwiftUpdateCheck = 0800;
				LastUpgradeCheck = 0800;
				ORGANIZATIONNAME = "Bell OS, LLC";
				TargetAttributes = {
					BAE08E891DAC778100F90BD8 = {
						CreatedOnToolsVersion = 8.0;
						DevelopmentTeam = BR4H78C3XC;
						ProvisioningStyle = Automatic;
					};
					BAE08E9D1DAC778100F90BD8 = {
						CreatedOnToolsVersion = 8.0;
						DevelopmentTeam = BR4H78C3XC;
						ProvisioningStyle = Automatic;
						TestTargetID = BAE08E891DAC778100F90BD8;
					};
					BAE08EA81DAC778100F90BD8 = {
						CreatedOnToolsVersion = 8.0;
						DevelopmentTeam = BR4H78C3XC;
						ProvisioningStyle = Automatic;
						TestTargetID = BAE08E891DAC778100F90BD8;
					};
				};
			};
			buildConfigurationList = BAE08E851DAC778100F90BD8 /* Build configuration list for PBXProject "HappyDays" */;
			compatibilityVersion = "Xcode 3.2";
			developmentRegion = English;
			hasScannedForEncodings = 0;
			knownRegions = (
				en,
				Base,
			);
			mainGroup = BAE08E811DAC778100F90BD8;
			productRefGroup = BAE08E8B1DAC778100F90BD8 /* Products */;
			projectDirPath = "";
			projectRoot = "";
			targets = (
				BAE08E891DAC778100F90BD8 /* HappyDays */,
				BAE08E9D1DAC778100F90BD8 /* HappyDaysTests */,
				BAE08EA81DAC778100F90BD8 /* HappyDaysUITests */,
			);
		};
/* End PBXProject section */

/* Begin PBXResourcesBuildPhase section */
		BAE08E881DAC778100F90BD8 /* Resources */ = {
			isa = PBXResourcesBuildPhase;
			buildActionMask = 2147483647;
			files = (
				BAE08E981DAC778100F90BD8 /* LaunchScreen.storyboard in Resources */,
				BAE08E951DAC778100F90BD8 /* Assets.xcassets in Resources */,
				BAE08E931DAC778100F90BD8 /* Main.storyboard in Resources */,
			);
			runOnlyForDeploymentPostprocessing = 0;
		};
		BAE08E9C1DAC778100F90BD8 /* Resources */ = {
			isa = PBXResourcesBuildPhase;
			buildActionMask = 2147483647;
			files = (
			);
			runOnlyForDeploymentPostprocessing = 0;
		};
		BAE08EA71DAC778100F90BD8 /* Resources */ = {
			isa = PBXResourcesBuildPhase;
			buildActionMask = 2147483647;
			files = (
			);
			runOnlyForDeploymentPostprocessing = 0;
		};
/* End PBXResourcesBuildPhase section */

/* Begin PBXSourcesBuildPhase section */
		BAE08E861DAC778100F90BD8 /* Sources */ = {
			isa = PBXSourcesBuildPhase;
			buildActionMask = 2147483647;
			files = (
				BAE08EBE1DAD8F5000F90BD8 /* MemoryCell.swift in Sources */,
				BAE08EBC1DAD8E8E00F90BD8 /* MemoriesViewController.swift in Sources */,
				BAE08E901DAC778100F90BD8 /* ViewController.swift in Sources */,
				BAE08E8E1DAC778100F90BD8 /* AppDelegate.swift in Sources */,
			);
			runOnlyForDeploymentPostprocessing = 0;
		};
		BAE08E9A1DAC778100F90BD8 /* Sources */ = {
			isa = PBXSourcesBuildPhase;
			buildActionMask = 2147483647;
			files = (
				BAE08EA31DAC778100F90BD8 /* HappyDaysTests.swift in Sources */,
			);
			runOnlyForDeploymentPostprocessing = 0;
		};
		BAE08EA51DAC778100F90BD8 /* Sources */ = {
			isa = PBXSourcesBuildPhase;
			buildActionMask = 2147483647;
			files = (
				BAE08EAE1DAC778100F90BD8 /* HappyDaysUITests.swift in Sources */,
			);
			runOnlyForDeploymentPostprocessing = 0;
		};
/* End PBXSourcesBuildPhase section */

/* Begin PBXTargetDependency section */
		BAE08EA01DAC778100F90BD8 /* PBXTargetDependency */ = {
			isa = PBXTargetDependency;
			target = BAE08E891DAC778100F90BD8 /* HappyDays */;
			targetProxy = BAE08E9F1DAC778100F90BD8 /* PBXContainerItemProxy */;
		};
		BAE08EAB1DAC778100F90BD8 /* PBXTargetDependency */ = {
			isa = PBXTargetDependency;
			target = BAE08E891DAC778100F90BD8 /* HappyDays */;
			targetProxy = BAE08EAA1DAC778100F90BD8 /* PBXContainerItemProxy */;
		};
/* End PBXTargetDependency section */

/* Begin PBXVariantGroup section */
		BAE08E911DAC778100F90BD8 /* Main.storyboard */ = {
			isa = PBXVariantGroup;
			children = (
				BAE08E921DAC778100F90BD8 /* Base */,
			);
			name = Main.storyboard;
			sourceTree = "<group>";
		};
		BAE08E961DAC778100F90BD8 /* LaunchScreen.storyboard */ = {
			isa = PBXVariantGroup;
			children = (
				BAE08E971DAC778100F90BD8 /* Base */,
			);
			name = LaunchScreen.storyboard;
			sourceTree = "<group>";
		};
/* End PBXVariantGroup section */

/* Begin XCBuildConfiguration section */
		BAE08EB01DAC778100F90BD8 /* Debug */ = {
			isa = XCBuildConfiguration;
			buildSettings = {
				ALWAYS_SEARCH_USER_PATHS = NO;
				CLANG_ANALYZER_NONNULL = YES;
				CLANG_CXX_LANGUAGE_STANDARD = "gnu++0x";
				CLANG_CXX_LIBRARY = "libc++";
				CLANG_ENABLE_MODULES = YES;
				CLANG_ENABLE_OBJC_ARC = YES;
				CLANG_WARN_BOOL_CONVERSION = YES;
				CLANG_WARN_CONSTANT_CONVERSION = YES;
				CLANG_WARN_DIRECT_OBJC_ISA_USAGE = YES_ERROR;
				CLANG_WARN_DOCUMENTATION_COMMENTS = YES;
				CLANG_WARN_EMPTY_BODY = YES;
				CLANG_WARN_ENUM_CONVERSION = YES;
				CLANG_WARN_INFINITE_RECURSION = YES;
				CLANG_WARN_INT_CONVERSION = YES;
				CLANG_WARN_OBJC_ROOT_CLASS = YES_ERROR;
				CLANG_WARN_SUSPICIOUS_MOVES = YES;
				CLANG_WARN_UNREACHABLE_CODE = YES;
				CLANG_WARN__DUPLICATE_METHOD_MATCH = YES;
				"CODE_SIGN_IDENTITY[sdk=iphoneos*]" = "iPhone Developer";
				COPY_PHASE_STRIP = NO;
				DEBUG_INFORMATION_FORMAT = dwarf;
				ENABLE_STRICT_OBJC_MSGSEND = YES;
				ENABLE_TESTABILITY = YES;
				GCC_C_LANGUAGE_STANDARD = gnu99;
				GCC_DYNAMIC_NO_PIC = NO;
				GCC_NO_COMMON_BLOCKS = YES;
				GCC_OPTIMIZATION_LEVEL = 0;
				GCC_PREPROCESSOR_DEFINITIONS = (
					"DEBUG=1",
					"$(inherited)",
				);
				GCC_WARN_64_TO_32_BIT_CONVERSION = YES;
				GCC_WARN_ABOUT_RETURN_TYPE = YES_ERROR;
				GCC_WARN_UNDECLARED_SELECTOR = YES;
				GCC_WARN_UNINITIALIZED_AUTOS = YES_AGGRESSIVE;
				GCC_WARN_UNUSED_FUNCTION = YES;
				GCC_WARN_UNUSED_VARIABLE = YES;
				IPHONEOS_DEPLOYMENT_TARGET = 10.0;
				MTL_ENABLE_DEBUG_INFO = YES;
				ONLY_ACTIVE_ARCH = YES;
				SDKROOT = iphoneos;
				SWIFT_ACTIVE_COMPILATION_CONDITIONS = DEBUG;
				SWIFT_OPTIMIZATION_LEVEL = "-Onone";
				TARGETED_DEVICE_FAMILY = "1,2";
			};
			name = Debug;
		};
		BAE08EB11DAC778100F90BD8 /* Release */ = {
			isa = XCBuildConfiguration;
			buildSettings = {
				ALWAYS_SEARCH_USER_PATHS = NO;
				CLANG_ANALYZER_NONNULL = YES;
				CLANG_CXX_LANGUAGE_STANDARD = "gnu++0x";
				CLANG_CXX_LIBRARY = "libc++";
				CLANG_ENABLE_MODULES = YES;
				CLANG_ENABLE_OBJC_ARC = YES;
				CLANG_WARN_BOOL_CONVERSION = YES;
				CLANG_WARN_CONSTANT_CONVERSION = YES;
				CLANG_WARN_DIRECT_OBJC_ISA_USAGE = YES_ERROR;
				CLANG_WARN_DOCUMENTATION_COMMENTS = YES;
				CLANG_WARN_EMPTY_BODY = YES;
				CLANG_WARN_ENUM_CONVERSION = YES;
				CLANG_WARN_INFINITE_RECURSION = YES;
				CLANG_WARN_INT_CONVERSION = YES;
				CLANG_WARN_OBJC_ROOT_CLASS = YES_ERROR;
				CLANG_WARN_SUSPICIOUS_MOVES = YES;
				CLANG_WARN_UNREACHABLE_CODE = YES;
				CLANG_WARN__DUPLICATE_METHOD_MATCH = YES;
				"CODE_SIGN_IDENTITY[sdk=iphoneos*]" = "iPhone Developer";
				COPY_PHASE_STRIP = NO;
				DEBUG_INFORMATION_FORMAT = "dwarf-with-dsym";
				ENABLE_NS_ASSERTIONS = NO;
				ENABLE_STRICT_OBJC_MSGSEND = YES;
				GCC_C_LANGUAGE_STANDARD = gnu99;
				GCC_NO_COMMON_BLOCKS = YES;
				GCC_WARN_64_TO_32_BIT_CONVERSION = YES;
				GCC_WARN_ABOUT_RETURN_TYPE = YES_ERROR;
				GCC_WARN_UNDECLARED_SELECTOR = YES;
				GCC_WARN_UNINITIALIZED_AUTOS = YES_AGGRESSIVE;
				GCC_WARN_UNUSED_FUNCTION = YES;
				GCC_WARN_UNUSED_VARIABLE = YES;
				IPHONEOS_DEPLOYMENT_TARGET = 10.0;
				MTL_ENABLE_DEBUG_INFO = NO;
				SDKROOT = iphoneos;
				SWIFT_OPTIMIZATION_LEVEL = "-Owholemodule";
				TARGETED_DEVICE_FAMILY = "1,2";
				VALIDATE_PRODUCT = YES;
			};
			name = Release;
		};
		BAE08EB31DAC778100F90BD8 /* Debug */ = {
			isa = XCBuildConfiguration;
			buildSettings = {
				ASSETCATALOG_COMPILER_APPICON_NAME = AppIcon;
				DEVELOPMENT_TEAM = BR4H78C3XC;
				INFOPLIST_FILE = HappyDays/Info.plist;
				LD_RUNPATH_SEARCH_PATHS = "$(inherited) @executable_path/Frameworks";
				PRODUCT_BUNDLE_IDENTIFIER = com.patrickBellot.HappyDays;
				PRODUCT_NAME = "$(TARGET_NAME)";
				SWIFT_VERSION = 3.0;
			};
			name = Debug;
		};
		BAE08EB41DAC778100F90BD8 /* Release */ = {
			isa = XCBuildConfiguration;
			buildSettings = {
				ASSETCATALOG_COMPILER_APPICON_NAME = AppIcon;
				DEVELOPMENT_TEAM = BR4H78C3XC;
				INFOPLIST_FILE = HappyDays/Info.plist;
				LD_RUNPATH_SEARCH_PATHS = "$(inherited) @executable_path/Frameworks";
				PRODUCT_BUNDLE_IDENTIFIER = com.patrickBellot.HappyDays;
				PRODUCT_NAME = "$(TARGET_NAME)";
				SWIFT_VERSION = 3.0;
			};
			name = Release;
		};
		BAE08EB61DAC778100F90BD8 /* Debug */ = {
			isa = XCBuildConfiguration;
			buildSettings = {
				ALWAYS_EMBED_SWIFT_STANDARD_LIBRARIES = YES;
				BUNDLE_LOADER = "$(TEST_HOST)";
				DEVELOPMENT_TEAM = BR4H78C3XC;
				INFOPLIST_FILE = HappyDaysTests/Info.plist;
				LD_RUNPATH_SEARCH_PATHS = "$(inherited) @executable_path/Frameworks @loader_path/Frameworks";
				PRODUCT_BUNDLE_IDENTIFIER = com.patrickBellot.HappyDaysTests;
				PRODUCT_NAME = "$(TARGET_NAME)";
				SWIFT_VERSION = 3.0;
				TEST_HOST = "$(BUILT_PRODUCTS_DIR)/HappyDays.app/HappyDays";
			};
			name = Debug;
		};
		BAE08EB71DAC778100F90BD8 /* Release */ = {
			isa = XCBuildConfiguration;
			buildSettings = {
				ALWAYS_EMBED_SWIFT_STANDARD_LIBRARIES = YES;
				BUNDLE_LOADER = "$(TEST_HOST)";
				DEVELOPMENT_TEAM = BR4H78C3XC;
				INFOPLIST_FILE = HappyDaysTests/Info.plist;
				LD_RUNPATH_SEARCH_PATHS = "$(inherited) @executable_path/Frameworks @loader_path/Frameworks";
				PRODUCT_BUNDLE_IDENTIFIER = com.patrickBellot.HappyDaysTests;
				PRODUCT_NAME = "$(TARGET_NAME)";
				SWIFT_VERSION = 3.0;
				TEST_HOST = "$(BUILT_PRODUCTS_DIR)/HappyDays.app/HappyDays";
			};
			name = Release;
		};
		BAE08EB91DAC778100F90BD8 /* Debug */ = {
			isa = XCBuildConfiguration;
			buildSettings = {
				ALWAYS_EMBED_SWIFT_STANDARD_LIBRARIES = YES;
				DEVELOPMENT_TEAM = BR4H78C3XC;
				INFOPLIST_FILE = HappyDaysUITests/Info.plist;
				LD_RUNPATH_SEARCH_PATHS = "$(inherited) @executable_path/Frameworks @loader_path/Frameworks";
				PRODUCT_BUNDLE_IDENTIFIER = com.patrickBellot.HappyDaysUITests;
				PRODUCT_NAME = "$(TARGET_NAME)";
				SWIFT_VERSION = 3.0;
				TEST_TARGET_NAME = HappyDays;
			};
			name = Debug;
		};
		BAE08EBA1DAC778100F90BD8 /* Release */ = {
			isa = XCBuildConfiguration;
			buildSettings = {
				ALWAYS_EMBED_SWIFT_STANDARD_LIBRARIES = YES;
				DEVELOPMENT_TEAM = BR4H78C3XC;
				INFOPLIST_FILE = HappyDaysUITests/Info.plist;
				LD_RUNPATH_SEARCH_PATHS = "$(inherited) @executable_path/Frameworks @loader_path/Frameworks";
				PRODUCT_BUNDLE_IDENTIFIER = com.patrickBellot.HappyDaysUITests;
				PRODUCT_NAME = "$(TARGET_NAME)";
				SWIFT_VERSION = 3.0;
				TEST_TARGET_NAME = HappyDays;
			};
			name = Release;
		};
/* End XCBuildConfiguration section */

/* Begin XCConfigurationList section */
		BAE08E851DAC778100F90BD8 /* Build configuration list for PBXProject "HappyDays" */ = {
			isa = XCConfigurationList;
			buildConfigurations = (
				BAE08EB01DAC778100F90BD8 /* Debug */,
				BAE08EB11DAC778100F90BD8 /* Release */,
			);
			defaultConfigurationIsVisible = 0;
			defaultConfigurationName = Release;
		};
		BAE08EB21DAC778100F90BD8 /* Build configuration list for PBXNativeTarget "HappyDays" */ = {
			isa = XCConfigurationList;
			buildConfigurations = (
				BAE08EB31DAC778100F90BD8 /* Debug */,
				BAE08EB41DAC778100F90BD8 /* Release */,
			);
			defaultConfigurationIsVisible = 0;
			defaultConfigurationName = Release;
		};
		BAE08EB51DAC778100F90BD8 /* Build configuration list for PBXNativeTarget "HappyDaysTests" */ = {
			isa = XCConfigurationList;
			buildConfigurations = (
				BAE08EB61DAC778100F90BD8 /* Debug */,
				BAE08EB71DAC778100F90BD8 /* Release */,
			);
			defaultConfigurationIsVisible = 0;
			defaultConfigurationName = Release;
		};
		BAE08EB81DAC778100F90BD8 /* Build configuration list for PBXNativeTarget "HappyDaysUITests" */ = {
			isa = XCConfigurationList;
			buildConfigurations = (
				BAE08EB91DAC778100F90BD8 /* Debug */,
				BAE08EBA1DAC778100F90BD8 /* Release */,
			);
			defaultConfigurationIsVisible = 0;
			defaultConfigurationName = Release;
		};
/* End XCConfigurationList section */
	};
	rootObject = BAE08E821DAC778100F90BD8 /* Project object */;
}
